{
  "nodes": {
    "agenix": {
      "inputs": {
        "darwin": [],
        "home-manager": [
          "home-manager"
        ],
        "nixpkgs": [
          "nixpkgs"
        ],
        "systems": "systems"
      },
      "locked": {
        "lastModified": 1761656077,
        "narHash": "sha256-lsNWuj4Z+pE7s0bd2OKicOFq9bK86JE0ZGeKJbNqb94=",
        "owner": "ryantm",
        "repo": "agenix",
        "rev": "9ba0d85de3eaa7afeab493fed622008b6e4924f5",
        "type": "github"
      },
      "original": {
        "owner": "ryantm",
        "repo": "agenix",
        "type": "github"
      }
    },
    "authentik-nix": {
      "inputs": {
        "authentik-src": "authentik-src",
        "flake-compat": "flake-compat",
        "flake-parts": [
          "flake-parts"
        ],
        "flake-utils": "flake-utils",
        "napalm": "napalm",
        "nixpkgs": [
          "nixpkgs"
        ],
        "pyproject-build-systems": "pyproject-build-systems",
        "pyproject-nix": "pyproject-nix",
        "systems": "systems_2",
        "uv2nix": "uv2nix"
      },
      "locked": {
        "lastModified": 1762253048,
        "narHash": "sha256-CkxGROX+ZECkt8vJyLtvmGdw7aVDdRpOXAp3mvlf0jE=",
        "owner": "nix-community",
        "repo": "authentik-nix",
        "rev": "bbd5f56c4bc6630ff8bc859a525db82574da0b69",
        "type": "github"
      },
      "original": {
        "owner": "nix-community",
        "repo": "authentik-nix",
        "type": "github"
      }
    },
    "authentik-src": {
      "flake": false,
      "locked": {
        "lastModified": 1762188128,
        "narHash": "sha256-HowB6DTGCqz770fKYbnE+rQ11XRV0WSNkLD+HSWZwz8=",
        "owner": "goauthentik",
        "repo": "authentik",
        "rev": "70406664dca2a13aabb695094f85471585668cb1",
        "type": "github"
      },
      "original": {
        "owner": "goauthentik",
        "ref": "version/2025.10.1",
        "repo": "authentik",
        "type": "github"
      }
    },
    "disko": {
      "inputs": {
        "nixpkgs": [
          "nixpkgs"
        ]
      },
      "locked": {
        "lastModified": 1762276996,
        "narHash": "sha256-TtcPgPmp2f0FAnc+DMEw4ardEgv1SGNR3/WFGH0N19M=",
        "owner": "nix-community",
        "repo": "disko",
        "rev": "af087d076d3860760b3323f6b583f4d828c1ac17",
        "type": "github"
      },
      "original": {
        "owner": "nix-community",
        "repo": "disko",
        "type": "github"
      }
    },
    "flake-compat": {
      "flake": false,
      "locked": {
        "lastModified": 1747046372,
        "narHash": "sha256-CIVLLkVgvHYbgI2UpXvIIBJ12HWgX+fjA8Xf8PUmqCY=",
        "owner": "edolstra",
        "repo": "flake-compat",
        "rev": "9100a0f413b0c601e0533d1d94ffd501ce2e7885",
        "type": "github"
      },
      "original": {
        "owner": "edolstra",
        "repo": "flake-compat",
        "type": "github"
      }
    },
    "flake-parts": {
      "inputs": {
        "nixpkgs-lib": "nixpkgs-lib"
      },
      "locked": {
        "lastModified": 1762040540,
        "narHash": "sha256-z5PlZ47j50VNF3R+IMS9LmzI5fYRGY/Z5O5tol1c9I4=",
        "owner": "hercules-ci",
        "repo": "flake-parts",
        "rev": "0010412d62a25d959151790968765a70c436598b",
        "type": "github"
      },
      "original": {
        "owner": "hercules-ci",
        "repo": "flake-parts",
        "type": "github"
      }
    },
    "flake-utils": {
      "inputs": {
        "systems": [
          "authentik-nix",
          "systems"
        ]
      },
      "locked": {
        "lastModified": 1731533236,
        "narHash": "sha256-l0KFg5HjrsfsO/JpG+r7fRrqm12kzFHyUHqHCVpMMbI=",
        "owner": "numtide",
        "repo": "flake-utils",
        "rev": "11707dc2f618dd54ca8739b309ec4fc024de578b",
        "type": "github"
      },
      "original": {
        "owner": "numtide",
        "repo": "flake-utils",
        "type": "github"
      }
    },
    "home-manager": {
      "inputs": {
        "nixpkgs": [
          "nixpkgs"
        ]
      },
      "locked": {
        "lastModified": 1758463745,
        "narHash": "sha256-uhzsV0Q0I9j2y/rfweWeGif5AWe0MGrgZ/3TjpDYdGA=",
        "owner": "nix-community",
        "repo": "home-manager",
        "rev": "3b955f5f0a942f9f60cdc9cacb7844335d0f21c3",
        "type": "github"
      },
      "original": {
        "owner": "nix-community",
        "ref": "release-25.05",
        "repo": "home-manager",
        "type": "github"
      }
    },
    "napalm": {
      "inputs": {
        "flake-utils": [
          "authentik-nix",
          "flake-utils"
        ],
        "nixpkgs": [
          "authentik-nix",
          "nixpkgs"
        ]
      },
      "locked": {
        "lastModified": 1725806412,
        "narHash": "sha256-lGZjkjds0p924QEhm/r0BhAxbHBJE1xMOldB/HmQH04=",
        "owner": "willibutz",
        "repo": "napalm",
        "rev": "b492440d9e64ae20736d3bec5c7715ffcbde83f5",
        "type": "github"
      },
      "original": {
        "owner": "willibutz",
        "ref": "avoid-foldl-stack-overflow",
        "repo": "napalm",
        "type": "github"
      }
    },
    "nixpkgs": {
      "locked": {
        "lastModified": 1762233356,
        "narHash": "sha256-cGS3lLTYusbEP/IJIWGgnkzIl+FA5xDvtiHyjalGr4k=",
        "owner": "nixos",
        "repo": "nixpkgs",
        "rev": "ca534a76c4afb2bdc07b681dbc11b453bab21af8",
        "type": "github"
      },
      "original": {
        "owner": "nixos",
        "ref": "nixos-25.05",
        "repo": "nixpkgs",
        "type": "github"
      }
    },
    "nixpkgs-lib": {
      "locked": {
        "lastModified": 1761765539,
        "narHash": "sha256-b0yj6kfvO8ApcSE+QmA6mUfu8IYG6/uU28OFn4PaC8M=",
        "owner": "nix-community",
        "repo": "nixpkgs.lib",
        "rev": "719359f4562934ae99f5443f20aa06c2ffff91fc",
        "type": "github"
      },
      "original": {
        "owner": "nix-community",
        "repo": "nixpkgs.lib",
        "type": "github"
      }
    },
    "nixpkgs_2": {
      "locked": {
        "lastModified": 1761907660,
        "narHash": "sha256-kJ8lIZsiPOmbkJypG+B5sReDXSD1KGu2VEPNqhRa/ew=",
        "owner": "NixOS",
        "repo": "nixpkgs",
        "rev": "2fb006b87f04c4d3bdf08cfdbc7fab9c13d94a15",
        "type": "github"
      },
      "original": {
        "owner": "NixOS",
        "ref": "nixos-unstable",
        "repo": "nixpkgs",
        "type": "github"
      }
    },
    "plasma-manager": {
      "inputs": {
        "home-manager": [
          "home-manager"
        ],
        "nixpkgs": [
          "nixpkgs"
        ]
      },
      "locked": {
        "lastModified": 1762274591,
        "narHash": "sha256-Vbhluvk15qwiyNDyPd9tjJh9gxIfUjbKVT79c05Pd3I=",
        "owner": "pjones",
        "repo": "plasma-manager",
        "rev": "6296d7100cc84b2ff732b7c103a50c2856974cf6",
        "type": "github"
      },
      "original": {
        "owner": "pjones",
        "repo": "plasma-manager",
        "type": "github"
      }
    },
    "pyproject-build-systems": {
      "inputs": {
        "nixpkgs": [
          "authentik-nix",
          "nixpkgs"
        ],
        "pyproject-nix": [
          "authentik-nix",
          "pyproject-nix"
        ],
        "uv2nix": [
          "authentik-nix",
          "uv2nix"
        ]
      },
      "locked": {
        "lastModified": 1759113590,
        "narHash": "sha256-fgxP2RCN4cg0jYiMYoETYc7TZ2JjgyvJa2y9l8oSUFE=",
        "owner": "pyproject-nix",
        "repo": "build-system-pkgs",
        "rev": "dbfc0483b5952c6b86e36f8b3afeb9dde30ea4b5",
        "type": "github"
      },
      "original": {
        "owner": "pyproject-nix",
        "repo": "build-system-pkgs",
        "type": "github"
      }
    },
    "pyproject-nix": {
      "inputs": {
        "nixpkgs": [
          "authentik-nix",
          "nixpkgs"
        ]
      },
      "locked": {
        "lastModified": 1760402624,
        "narHash": "sha256-jF6UKLs2uGc2rtved8Vrt58oTWjTQoAssuYs/0578Z4=",
        "owner": "pyproject-nix",
        "repo": "pyproject.nix",
        "rev": "84c4ea102127c77058ea1ed7be7300261fafc7d2",
        "type": "github"
      },
      "original": {
        "owner": "pyproject-nix",
        "repo": "pyproject.nix",
        "type": "github"
      }
    },
    "root": {
      "inputs": {
        "agenix": "agenix",
        "authentik-nix": "authentik-nix",
        "disko": "disko",
        "flake-parts": "flake-parts",
        "home-manager": "home-manager",
        "nixpkgs": "nixpkgs",
        "plasma-manager": "plasma-manager",
        "spicetify-nix": "spicetify-nix",
        "treefmt-nix": "treefmt-nix"
      }
    },
    "spicetify-nix": {
      "inputs": {
        "nixpkgs": "nixpkgs_2",
        "systems": "systems_3"
      },
      "locked": {
        "lastModified": 1762057664,
        "narHash": "sha256-mdEEvepIi8ebpGP1WWOHNvNQyd8rF0mUrKAiU6mwHCk=",
        "owner": "Gerg-L",
        "repo": "spicetify-nix",
        "rev": "4aa6e43d29e3c8acf544aa6782a1963a11369208",
        "type": "github"
      },
      "original": {
        "owner": "Gerg-L",
        "repo": "spicetify-nix",
        "type": "github"
      }
    },
    "systems": {
      "locked": {
        "lastModified": 1681028828,
        "narHash": "sha256-Vy1rq5AaRuLzOxct8nz4T6wlgyUR7zLU309k9mBC768=",
        "owner": "nix-systems",
        "repo": "default",
        "rev": "da67096a3b9bf56a91d16901293e51ba5b49a27e",
        "type": "github"
      },
      "original": {
        "owner": "nix-systems",
        "repo": "default",
        "type": "github"
      }
    },
    "systems_2": {
      "locked": {
        "lastModified": 1689347949,
        "narHash": "sha256-12tWmuL2zgBgZkdoB6qXZsgJEH9LR3oUgpaQq2RbI80=",
        "owner": "nix-systems",
        "repo": "default-linux",
        "rev": "31732fcf5e8fea42e59c2488ad31a0e651500f68",
        "type": "github"
      },
      "original": {
        "owner": "nix-systems",
        "repo": "default-linux",
        "type": "github"
      }
    },
    "systems_3": {
      "locked": {
        "lastModified": 1681028828,
        "narHash": "sha256-Vy1rq5AaRuLzOxct8nz4T6wlgyUR7zLU309k9mBC768=",
        "owner": "nix-systems",
        "repo": "default",
        "rev": "da67096a3b9bf56a91d16901293e51ba5b49a27e",
        "type": "github"
      },
      "original": {
        "owner": "nix-systems",
        "repo": "default",
        "type": "github"
      }
    },
    "treefmt-nix": {
      "inputs": {
        "nixpkgs": [
          "nixpkgs"
        ]
      },
      "locked": {
        "lastModified": 1762305549,
        "narHash": "sha256-iHxl8YwQsCX9QyB0ImEvmr+C3FuZP0BR/9vMmjbaITA=",
        "owner": "numtide",
        "repo": "treefmt-nix",
        "rev": "144d1e80d642c50c71846c0cb674e86c956e9a24",
        "type": "github"
      },
      "original": {
        "owner": "numtide",
        "repo": "treefmt-nix",
        "type": "github"
      }
    },
    "uv2nix": {
      "inputs": {
        "nixpkgs": [
          "authentik-nix",
          "nixpkgs"
        ],
        "pyproject-nix": [
          "authentik-nix",
          "pyproject-nix"
        ]
      },
      "locked": {
        "lastModified": 1761101082,
        "narHash": "sha256-4Kt3RsfJgg6HzmDCc44ZN//xB8n7KGEGxxt9dNjqPQc=",
        "owner": "pyproject-nix",
        "repo": "uv2nix",
        "rev": "e6e728d9719e989c93e65145fe3f9e0c65a021a2",
        "type": "github"
      },
      "original": {
        "owner": "pyproject-nix",
        "repo": "uv2nix",
        "type": "github"
      }
    }
  },
  "root": "root",
  "version": 7
}
